
Microsoft Visual Studio Solution File, Format Version 12.00
# Visual Studio Version 17
VisualStudioVersion = 17.0.31903.59
MinimumVisualStudioVersion = 10.0.40219.1
Project("{FAE04EC0-301F-11D3-BF4B-00C04F79EFBC}") = "Crosio.Windows.Core", "src\Crosio.Windows.Core\Crosio.Windows.Core.csproj", "{C24CBE2E-4123-47C6-A5EE-D92469D557D1}"
EndProject
Project("{FAE04EC0-301F-11D3-BF4B-00C04F79EFBC}") = "Crosio.Windows.App", "src\Crosio.Windows.App\Crosio.Windows.App.csproj", "{69F5F449-85AE-416C-AFB9-C9AA3188DB36}"
EndProject
Project("{FAE04EC0-301F-11D3-BF4B-00C04F79EFBC}") = "Crosio.Windows.Core.Tests", "tests\Crosio.Windows.Core.Tests\Crosio.Windows.Core.Tests.csproj", "{76862486-4D00-46BD-BD77-E56A47AF1AD2}"
EndProject
Project("{FAE04EC0-301F-11D3-BF4B-00C04F79EFBC}") = "Crosio.Windows.Capture", "src\Crosio.Windows.Capture\Crosio.Windows.Capture.csproj", "{0E383EBB-D5F8-4BE3-8F2B-2728D8102D80}"
EndProject
Project("{FAE04EC0-301F-11D3-BF4B-00C04F79EFBC}") = "Crosio.Windows.Capture.Tests", "tests\Crosio.Windows.Capture.Tests\Crosio.Windows.Capture.Tests.csproj", "{E6DA5FB1-CC25-4F57-9D81-BA77AFC98920}"
EndProject
Project("{FAE04EC0-301F-11D3-BF4B-00C04F79EFBC}") = "Crosio.Windows.Platform", "src\Crosio.Windows.Platform\Crosio.Windows.Platform.csproj", "{E71F1D73-6756-4B0B-8143-31726651FE0D}"
EndProject
Project("{FAE04EC0-301F-11D3-BF4B-00C04F79EFBC}") = "Crosio.Windows.Platform.Tests", "tests\Crosio.Windows.Platform.Tests\Crosio.Windows.Platform.Tests.csproj", "{DF74E564-BE6A-4D92-9C35-5884093F51F8}"
EndProject
Project("{8BC9CEB8-8B4A-11D0-8D11-00A0C91BC942}") = "Crosio.Windows.ShellExtension", "shell\Crosio.Windows.ShellExtension\Crosio.Windows.ShellExtension.vcxproj", "{8A576671-4C0A-4BB1-A296-2986DA81F572}"
EndProject
Project("{FAE04EC0-301F-11D3-BF4B-00C04F79EFBC}") = "Crosio.Windows.Accessibility", "src\Crosio.Windows.Accessibility\Crosio.Windows.Accessibility.csproj", "{1377F9DE-FDEC-4E5C-A018-FF5C9AB73E12}"
EndProject
Project("{FAE04EC0-301F-11D3-BF4B-00C04F79EFBC}") = "Crosio.Windows.Intelligence", "src\Crosio.Windows.Intelligence\Crosio.Windows.Intelligence.csproj", "{3E8CD1CE-8077-4777-B45B-DF11BF68661A}"
EndProject
Project("{FAE04EC0-301F-11D3-BF4B-00C04F79EFBC}") = "Crosio.Windows.Intelligence.Tests", "tests\Crosio.Windows.Intelligence.Tests\Crosio.Windows.Intelligence.Tests.csproj", "{5E3BB75D-FF9A-4A14-8338-DF0A00C202D6}"
EndProject
Project("{FAE04EC0-301F-11D3-BF4B-00C04F79EFBC}") = "Crosio.Windows.Ocr", "src\Crosio.Windows.Ocr\Crosio.Windows.Ocr.csproj", "{E0B6870B-C9DD-4CD4-9731-0E35BD44E24D}"
EndProject
Project("{FAE04EC0-301F-11D3-BF4B-00C04F79EFBC}") = "Crosio.Windows.Sharing", "src\Crosio.Windows.Sharing\Crosio.Windows.Sharing.csproj", "{641114BB-9489-4746-A450-9AFF16302A2E}"
EndProject
Project("{FAE04EC0-301F-11D3-BF4B-00C04F79EFBC}") = "Crosio.Windows.Sharing.Tests", "tests\Crosio.Windows.Sharing.Tests\Crosio.Windows.Sharing.Tests.csproj", "{E78A97AE-A0DD-48A0-9C76-3F18E0198D2B}"
EndProject
Project("{2150E333-8FDC-42A3-9474-1A3956D46DE8}") = "src", "src", "{B704A269-F4AC-41FA-B335-721F7247518C}"
EndProject
Project("{FAE04EC0-301F-11D3-BF4B-00C04F79EFBC}") = "Crosio.Windows.Hotkeys", "src\Crosio.Windows.Hotkeys\Crosio.Windows.Hotkeys.csproj", "{ADE9B676-5814-4631-8D77-C737038641A4}"
EndProject
Project("{2150E333-8FDC-42A3-9474-1A3956D46DE8}") = "tests", "tests", "{5C3C6960-8F13-4B67-BE15-2A86EEDB67DE}"
EndProject
Project("{FAE04EC0-301F-11D3-BF4B-00C04F79EFBC}") = "Crosio.Windows.Hotkeys.Tests", "tests\Crosio.Windows.Hotkeys.Tests\Crosio.Windows.Hotkeys.Tests.csproj", "{765D2A49-E7F6-4E49-9FB6-A42599A8C8EC}"
EndProject
Project("{FAE04EC0-301F-11D3-BF4B-00C04F79EFBC}") = "Crosio.Windows.Media", "src\Crosio.Windows.Media\Crosio.Windows.Media.csproj", "{D71BF3D4-3BB1-427B-9D57-F777E6B8DF95}"
EndProject
Project("{FAE04EC0-301F-11D3-BF4B-00C04F79EFBC}") = "Crosio.Windows.Media.Tests", "tests\Crosio.Windows.Media.Tests\Crosio.Windows.Media.Tests.csproj", "{EDA82388-4661-4E17-B693-7FD98FB76051}"
EndProject
Project("{FAE04EC0-301F-11D3-BF4B-00C04F79EFBC}") = "Crosio.Windows.Translation", "src\Crosio.Windows.Translation\Crosio.Windows.Translation.csproj", "{9CE0E198-C1CF-4EB8-A23F-C85A6F4CEDD5}"
EndProject
Project("{FAE04EC0-301F-11D3-BF4B-00C04F79EFBC}") = "Crosio.Windows.Translation.Tests", "tests\Crosio.Windows.Translation.Tests\Crosio.Windows.Translation.Tests.csproj", "{7A026A0B-6507-4D7B-A6FE-08D8591C76BD}"
EndProject
Project("{FAE04EC0-301F-11D3-BF4B-00C04F79EFBC}") = "Crosio.Windows.LongCapture", "src\Crosio.Windows.LongCapture\Crosio.Windows.LongCapture.csproj", "{4012A8BF-1AE3-4515-83FE-200A5EAC2B02}"
EndProject
Project("{FAE04EC0-301F-11D3-BF4B-00C04F79EFBC}") = "Crosio.Windows.LongCapture.Tests", "tests\Crosio.Windows.LongCapture.Tests\Crosio.Windows.LongCapture.Tests.csproj", "{B770BB63-AF9F-4297-B46F-EF3220455B8C}"
EndProject
Global
	GlobalSection(SolutionConfigurationPlatforms) = preSolution
		Debug|ARM64 = Debug|ARM64
		Debug|x64 = Debug|x64
		Release|ARM64 = Release|ARM64
		Release|x64 = Release|x64
	EndGlobalSection
	GlobalSection(ProjectConfigurationPlatforms) = postSolution
		{C24CBE2E-4123-47C6-A5EE-D92469D557D1}.Debug|ARM64.ActiveCfg = Debug|ARM64
		{C24CBE2E-4123-47C6-A5EE-D92469D557D1}.Debug|ARM64.Build.0 = Debug|ARM64
		{C24CBE2E-4123-47C6-A5EE-D92469D557D1}.Debug|x64.ActiveCfg = Debug|x64
		{C24CBE2E-4123-47C6-A5EE-D92469D557D1}.Debug|x64.Build.0 = Debug|x64
		{C24CBE2E-4123-47C6-A5EE-D92469D557D1}.Release|ARM64.ActiveCfg = Release|ARM64
		{C24CBE2E-4123-47C6-A5EE-D92469D557D1}.Release|ARM64.Build.0 = Release|ARM64
		{C24CBE2E-4123-47C6-A5EE-D92469D557D1}.Release|x64.ActiveCfg = Release|x64
		{C24CBE2E-4123-47C6-A5EE-D92469D557D1}.Release|x64.Build.0 = Release|x64
		{69F5F449-85AE-416C-AFB9-C9AA3188DB36}.Debug|ARM64.ActiveCfg = Debug|ARM64
		{69F5F449-85AE-416C-AFB9-C9AA3188DB36}.Debug|ARM64.Build.0 = Debug|ARM64
		{69F5F449-85AE-416C-AFB9-C9AA3188DB36}.Debug|x64.ActiveCfg = Debug|x64
		{69F5F449-85AE-416C-AFB9-C9AA3188DB36}.Debug|x64.Build.0 = Debug|x64
		{69F5F449-85AE-416C-AFB9-C9AA3188DB36}.Release|ARM64.ActiveCfg = Release|ARM64
		{69F5F449-85AE-416C-AFB9-C9AA3188DB36}.Release|ARM64.Build.0 = Release|ARM64
		{69F5F449-85AE-416C-AFB9-C9AA3188DB36}.Release|x64.ActiveCfg = Release|x64
		{69F5F449-85AE-416C-AFB9-C9AA3188DB36}.Release|x64.Build.0 = Release|x64
		{76862486-4D00-46BD-BD77-E56A47AF1AD2}.Debug|ARM64.ActiveCfg = Debug|ARM64
		{76862486-4D00-46BD-BD77-E56A47AF1AD2}.Debug|ARM64.Build.0 = Debug|ARM64
		{76862486-4D00-46BD-BD77-E56A47AF1AD2}.Debug|x64.ActiveCfg = Debug|x64
		{76862486-4D00-46BD-BD77-E56A47AF1AD2}.Debug|x64.Build.0 = Debug|x64
		{76862486-4D00-46BD-BD77-E56A47AF1AD2}.Release|ARM64.ActiveCfg = Release|ARM64
		{76862486-4D00-46BD-BD77-E56A47AF1AD2}.Release|ARM64.Build.0 = Release|ARM64
		{76862486-4D00-46BD-BD77-E56A47AF1AD2}.Release|x64.ActiveCfg = Release|x64
		{76862486-4D00-46BD-BD77-E56A47AF1AD2}.Release|x64.Build.0 = Release|x64
		{0E383EBB-D5F8-4BE3-8F2B-2728D8102D80}.Debug|ARM64.ActiveCfg = Debug|ARM64
		{0E383EBB-D5F8-4BE3-8F2B-2728D8102D80}.Debug|ARM64.Build.0 = Debug|ARM64
		{0E383EBB-D5F8-4BE3-8F2B-2728D8102D80}.Debug|x64.ActiveCfg = Debug|x64
		{0E383EBB-D5F8-4BE3-8F2B-2728D8102D80}.Debug|x64.Build.0 = Debug|x64
		{0E383EBB-D5F8-4BE3-8F2B-2728D8102D80}.Release|ARM64.ActiveCfg = Release|ARM64
		{0E383EBB-D5F8-4BE3-8F2B-2728D8102D80}.Release|ARM64.Build.0 = Release|ARM64
		{0E383EBB-D5F8-4BE3-8F2B-2728D8102D80}.Release|x64.ActiveCfg = Release|x64
		{0E383EBB-D5F8-4BE3-8F2B-2728D8102D80}.Release|x64.Build.0 = Release|x64
		{E6DA5FB1-CC25-4F57-9D81-BA77AFC98920}.Debug|ARM64.ActiveCfg = Debug|ARM64
		{E6DA5FB1-CC25-4F57-9D81-BA77AFC98920}.Debug|ARM64.Build.0 = Debug|ARM64
		{E6DA5FB1-CC25-4F57-9D81-BA77AFC98920}.Debug|x64.ActiveCfg = Debug|x64
		{E6DA5FB1-CC25-4F57-9D81-BA77AFC98920}.Debug|x64.Build.0 = Debug|x64
		{E6DA5FB1-CC25-4F57-9D81-BA77AFC98920}.Release|ARM64.ActiveCfg = Release|ARM64
		{E6DA5FB1-CC25-4F57-9D81-BA77AFC98920}.Release|ARM64.Build.0 = Release|ARM64
		{E6DA5FB1-CC25-4F57-9D81-BA77AFC98920}.Release|x64.ActiveCfg = Release|x64
		{E6DA5FB1-CC25-4F57-9D81-BA77AFC98920}.Release|x64.Build.0 = Release|x64
		{E71F1D73-6756-4B0B-8143-31726651FE0D}.Debug|ARM64.ActiveCfg = Debug|ARM64
		{E71F1D73-6756-4B0B-8143-31726651FE0D}.Debug|ARM64.Build.0 = Debug|ARM64
		{E71F1D73-6756-4B0B-8143-31726651FE0D}.Debug|x64.ActiveCfg = Debug|x64
		{E71F1D73-6756-4B0B-8143-31726651FE0D}.Debug|x64.Build.0 = Debug|x64
		{E71F1D73-6756-4B0B-8143-31726651FE0D}.Release|ARM64.ActiveCfg = Release|ARM64
		{E71F1D73-6756-4B0B-8143-31726651FE0D}.Release|ARM64.Build.0 = Release|ARM64
		{E71F1D73-6756-4B0B-8143-31726651FE0D}.Release|x64.ActiveCfg = Release|x64
		{E71F1D73-6756-4B0B-8143-31726651FE0D}.Release|x64.Build.0 = Release|x64
		{DF74E564-BE6A-4D92-9C35-5884093F51F8}.Debug|ARM64.ActiveCfg = Debug|ARM64
		{DF74E564-BE6A-4D92-9C35-5884093F51F8}.Debug|ARM64.Build.0 = Debug|ARM64
		{DF74E564-BE6A-4D92-9C35-5884093F51F8}.Debug|x64.ActiveCfg = Debug|x64
		{DF74E564-BE6A-4D92-9C35-5884093F51F8}.Debug|x64.Build.0 = Debug|x64
		{DF74E564-BE6A-4D92-9C35-5884093F51F8}.Release|ARM64.ActiveCfg = Release|ARM64
		{DF74E564-BE6A-4D92-9C35-5884093F51F8}.Release|ARM64.Build.0 = Release|ARM64
		{DF74E564-BE6A-4D92-9C35-5884093F51F8}.Release|x64.ActiveCfg = Release|x64
		{DF74E564-BE6A-4D92-9C35-5884093F51F8}.Release|x64.Build.0 = Release|x64
		{8A576671-4C0A-4BB1-A296-2986DA81F572}.Debug|ARM64.ActiveCfg = Debug|ARM64
		{8A576671-4C0A-4BB1-A296-2986DA81F572}.Debug|ARM64.Build.0 = Debug|ARM64
		{8A576671-4C0A-4BB1-A296-2986DA81F572}.Debug|x64.ActiveCfg = Debug|x64
		{8A576671-4C0A-4BB1-A296-2986DA81F572}.Debug|x64.Build.0 = Debug|x64
		{8A576671-4C0A-4BB1-A296-2986DA81F572}.Release|ARM64.ActiveCfg = Release|ARM64
		{8A576671-4C0A-4BB1-A296-2986DA81F572}.Release|ARM64.Build.0 = Release|ARM64
		{8A576671-4C0A-4BB1-A296-2986DA81F572}.Release|x64.ActiveCfg = Release|x64
		{8A576671-4C0A-4BB1-A296-2986DA81F572}.Release|x64.Build.0 = Release|x64
		{1377F9DE-FDEC-4E5C-A018-FF5C9AB73E12}.Debug|ARM64.ActiveCfg = Debug|ARM64
		{1377F9DE-FDEC-4E5C-A018-FF5C9AB73E12}.Debug|ARM64.Build.0 = Debug|ARM64
		{1377F9DE-FDEC-4E5C-A018-FF5C9AB73E12}.Debug|x64.ActiveCfg = Debug|x64
		{1377F9DE-FDEC-4E5C-A018-FF5C9AB73E12}.Debug|x64.Build.0 = Debug|x64
		{1377F9DE-FDEC-4E5C-A018-FF5C9AB73E12}.Release|ARM64.ActiveCfg = Release|ARM64
		{1377F9DE-FDEC-4E5C-A018-FF5C9AB73E12}.Release|ARM64.Build.0 = Release|ARM64
		{1377F9DE-FDEC-4E5C-A018-FF5C9AB73E12}.Release|x64.ActiveCfg = Release|x64
		{1377F9DE-FDEC-4E5C-A018-FF5C9AB73E12}.Release|x64.Build.0 = Release|x64
		{3E8CD1CE-8077-4777-B45B-DF11BF68661A}.Debug|ARM64.ActiveCfg = Debug|ARM64
		{3E8CD1CE-8077-4777-B45B-DF11BF68661A}.Debug|ARM64.Build.0 = Debug|ARM64
		{3E8CD1CE-8077-4777-B45B-DF11BF68661A}.Debug|x64.ActiveCfg = Debug|x64
		{3E8CD1CE-8077-4777-B45B-DF11BF68661A}.Debug|x64.Build.0 = Debug|x64
		{3E8CD1CE-8077-4777-B45B-DF11BF68661A}.Release|ARM64.ActiveCfg = Release|ARM64
		{3E8CD1CE-8077-4777-B45B-DF11BF68661A}.Release|ARM64.Build.0 = Release|ARM64
		{3E8CD1CE-8077-4777-B45B-DF11BF68661A}.Release|x64.ActiveCfg = Release|x64
		{3E8CD1CE-8077-4777-B45B-DF11BF68661A}.Release|x64.Build.0 = Release|x64
		{5E3BB75D-FF9A-4A14-8338-DF0A00C202D6}.Debug|ARM64.ActiveCfg = Debug|ARM64
		{5E3BB75D-FF9A-4A14-8338-DF0A00C202D6}.Debug|ARM64.Build.0 = Debug|ARM64
		{5E3BB75D-FF9A-4A14-8338-DF0A00C202D6}.Debug|x64.ActiveCfg = Debug|x64
		{5E3BB75D-FF9A-4A14-8338-DF0A00C202D6}.Debug|x64.Build.0 = Debug|x64
		{5E3BB75D-FF9A-4A14-8338-DF0A00C202D6}.Release|ARM64.ActiveCfg = Release|ARM64
		{5E3BB75D-FF9A-4A14-8338-DF0A00C202D6}.Release|ARM64.Build.0 = Release|ARM64
		{5E3BB75D-FF9A-4A14-8338-DF0A00C202D6}.Release|x64.ActiveCfg = Release|x64
		{5E3BB75D-FF9A-4A14-8338-DF0A00C202D6}.Release|x64.Build.0 = Release|x64
		{E0B6870B-C9DD-4CD4-9731-0E35BD44E24D}.Debug|ARM64.ActiveCfg = Debug|ARM64
		{E0B6870B-C9DD-4CD4-9731-0E35BD44E24D}.Debug|ARM64.Build.0 = Debug|ARM64
		{E0B6870B-C9DD-4CD4-9731-0E35BD44E24D}.Debug|x64.ActiveCfg = Debug|x64
		{E0B6870B-C9DD-4CD4-9731-0E35BD44E24D}.Debug|x64.Build.0 = Debug|x64
		{E0B6870B-C9DD-4CD4-9731-0E35BD44E24D}.Release|ARM64.ActiveCfg = Release|ARM64
		{E0B6870B-C9DD-4CD4-9731-0E35BD44E24D}.Release|ARM64.Build.0 = Release|ARM64
		{E0B6870B-C9DD-4CD4-9731-0E35BD44E24D}.Release|x64.ActiveCfg = Release|x64
		{E0B6870B-C9DD-4CD4-9731-0E35BD44E24D}.Release|x64.Build.0 = Release|x64
		{641114BB-9489-4746-A450-9AFF16302A2E}.Debug|ARM64.ActiveCfg = Debug|ARM64
		{641114BB-9489-4746-A450-9AFF16302A2E}.Debug|ARM64.Build.0 = Debug|ARM64
		{641114BB-9489-4746-A450-9AFF16302A2E}.Debug|x64.ActiveCfg = Debug|x64
		{641114BB-9489-4746-A450-9AFF16302A2E}.Debug|x64.Build.0 = Debug|x64
		{641114BB-9489-4746-A450-9AFF16302A2E}.Release|ARM64.ActiveCfg = Release|ARM64
		{641114BB-9489-4746-A450-9AFF16302A2E}.Release|ARM64.Build.0 = Release|ARM64
		{641114BB-9489-4746-A450-9AFF16302A2E}.Release|x64.ActiveCfg = Release|x64
		{641114BB-9489-4746-A450-9AFF16302A2E}.Release|x64.Build.0 = Release|x64
		{E78A97AE-A0DD-48A0-9C76-3F18E0198D2B}.Debug|ARM64.ActiveCfg = Debug|ARM64
		{E78A97AE-A0DD-48A0-9C76-3F18E0198D2B}.Debug|ARM64.Build.0 = Debug|ARM64
		{E78A97AE-A0DD-48A0-9C76-3F18E0198D2B}.Debug|x64.ActiveCfg = Debug|x64
		{E78A97AE-A0DD-48A0-9C76-3F18E0198D2B}.Debug|x64.Build.0 = Debug|x64
		{E78A97AE-A0DD-48A0-9C76-3F18E0198D2B}.Release|ARM64.ActiveCfg = Release|ARM64
		{E78A97AE-A0DD-48A0-9C76-3F18E0198D2B}.Release|ARM64.Build.0 = Release|ARM64
		{E78A97AE-A0DD-48A0-9C76-3F18E0198D2B}.Release|x64.ActiveCfg = Release|x64
		{E78A97AE-A0DD-48A0-9C76-3F18E0198D2B}.Release|x64.Build.0 = Release|x64
		{ADE9B676-5814-4631-8D77-C737038641A4}.Debug|ARM64.ActiveCfg = Debug|Any CPU
		{ADE9B676-5814-4631-8D77-C737038641A4}.Debug|ARM64.Build.0 = Debug|Any CPU
		{ADE9B676-5814-4631-8D77-C737038641A4}.Debug|x64.ActiveCfg = Debug|Any CPU
		{ADE9B676-5814-4631-8D77-C737038641A4}.Debug|x64.Build.0 = Debug|Any CPU
		{ADE9B676-5814-4631-8D77-C737038641A4}.Release|ARM64.ActiveCfg = Release|Any CPU
		{ADE9B676-5814-4631-8D77-C737038641A4}.Release|ARM64.Build.0 = Release|Any CPU
		{ADE9B676-5814-4631-8D77-C737038641A4}.Release|x64.ActiveCfg = Release|Any CPU
		{ADE9B676-5814-4631-8D77-C737038641A4}.Release|x64.Build.0 = Release|Any CPU
		{765D2A49-E7F6-4E49-9FB6-A42599A8C8EC}.Debug|ARM64.ActiveCfg = Debug|Any CPU
		{765D2A49-E7F6-4E49-9FB6-A42599A8C8EC}.Debug|ARM64.Build.0 = Debug|Any CPU
		{765D2A49-E7F6-4E49-9FB6-A42599A8C8EC}.Debug|x64.ActiveCfg = Debug|Any CPU
		{765D2A49-E7F6-4E49-9FB6-A42599A8C8EC}.Debug|x64.Build.0 = Debug|Any CPU
		{765D2A49-E7F6-4E49-9FB6-A42599A8C8EC}.Release|ARM64.ActiveCfg = Release|Any CPU
		{765D2A49-E7F6-4E49-9FB6-A42599A8C8EC}.Release|ARM64.Build.0 = Release|Any CPU
		{765D2A49-E7F6-4E49-9FB6-A42599A8C8EC}.Release|x64.ActiveCfg = Release|Any CPU
		{765D2A49-E7F6-4E49-9FB6-A42599A8C8EC}.Release|x64.Build.0 = Release|Any CPU
		{D71BF3D4-3BB1-427B-9D57-F777E6B8DF95}.Debug|ARM64.ActiveCfg = Debug|Any CPU
		{D71BF3D4-3BB1-427B-9D57-F777E6B8DF95}.Debug|ARM64.Build.0 = Debug|Any CPU
		{D71BF3D4-3BB1-427B-9D57-F777E6B8DF95}.Debug|x64.ActiveCfg = Debug|Any CPU
		{D71BF3D4-3BB1-427B-9D57-F777E6B8DF95}.Debug|x64.Build.0 = Debug|Any CPU
		{D71BF3D4-3BB1-427B-9D57-F777E6B8DF95}.Release|ARM64.ActiveCfg = Release|Any CPU
		{D71BF3D4-3BB1-427B-9D57-F777E6B8DF95}.Release|ARM64.Build.0 = Release|Any CPU
		{D71BF3D4-3BB1-427B-9D57-F777E6B8DF95}.Release|x64.ActiveCfg = Release|Any CPU
		{D71BF3D4-3BB1-427B-9D57-F777E6B8DF95}.Release|x64.Build.0 = Release|Any CPU
		{EDA82388-4661-4E17-B693-7FD98FB76051}.Debug|ARM64.ActiveCfg = Debug|Any CPU
		{EDA82388-4661-4E17-B693-7FD98FB76051}.Debug|ARM64.Build.0 = Debug|Any CPU
		{EDA82388-4661-4E17-B693-7FD98FB76051}.Debug|x64.ActiveCfg = Debug|Any CPU
		{EDA82388-4661-4E17-B693-7FD98FB76051}.Debug|x64.Build.0 = Debug|Any CPU
		{EDA82388-4661-4E17-B693-7FD98FB76051}.Release|ARM64.ActiveCfg = Release|Any CPU
		{EDA82388-4661-4E17-B693-7FD98FB76051}.Release|ARM64.Build.0 = Release|Any CPU
		{EDA82388-4661-4E17-B693-7FD98FB76051}.Release|x64.ActiveCfg = Release|Any CPU
		{EDA82388-4661-4E17-B693-7FD98FB76051}.Release|x64.Build.0 = Release|Any CPU
		{9CE0E198-C1CF-4EB8-A23F-C85A6F4CEDD5}.Debug|ARM64.ActiveCfg = Debug|Any CPU
		{9CE0E198-C1CF-4EB8-A23F-C85A6F4CEDD5}.Debug|ARM64.Build.0 = Debug|Any CPU
		{9CE0E198-C1CF-4EB8-A23F-C85A6F4CEDD5}.Debug|x64.ActiveCfg = Debug|Any CPU
		{9CE0E198-C1CF-4EB8-A23F-C85A6F4CEDD5}.Debug|x64.Build.0 = Debug|Any CPU
		{9CE0E198-C1CF-4EB8-A23F-C85A6F4CEDD5}.Release|ARM64.ActiveCfg = Release|Any CPU
		{9CE0E198-C1CF-4EB8-A23F-C85A6F4CEDD5}.Release|ARM64.Build.0 = Release|Any CPU
		{9CE0E198-C1CF-4EB8-A23F-C85A6F4CEDD5}.Release|x64.ActiveCfg = Release|Any CPU
		{9CE0E198-C1CF-4EB8-A23F-C85A6F4CEDD5}.Release|x64.Build.0 = Release|Any CPU
		{7A026A0B-6507-4D7B-A6FE-08D8591C76BD}.Debug|ARM64.ActiveCfg = Debug|Any CPU
		{7A026A0B-6507-4D7B-A6FE-08D8591C76BD}.Debug|ARM64.Build.0 = Debug|Any CPU
		{7A026A0B-6507-4D7B-A6FE-08D8591C76BD}.Debug|x64.ActiveCfg = Debug|Any CPU
		{7A026A0B-6507-4D7B-A6FE-08D8591C76BD}.Debug|x64.Build.0 = Debug|Any CPU
		{7A026A0B-6507-4D7B-A6FE-08D8591C76BD}.Release|ARM64.ActiveCfg = Release|Any CPU
		{7A026A0B-6507-4D7B-A6FE-08D8591C76BD}.Release|ARM64.Build.0 = Release|Any CPU
		{7A026A0B-6507-4D7B-A6FE-08D8591C76BD}.Release|x64.ActiveCfg = Release|Any CPU
		{7A026A0B-6507-4D7B-A6FE-08D8591C76BD}.Release|x64.Build.0 = Release|Any CPU
		{4012A8BF-1AE3-4515-83FE-200A5EAC2B02}.Debug|ARM64.ActiveCfg = Debug|Any CPU
		{4012A8BF-1AE3-4515-83FE-200A5EAC2B02}.Debug|ARM64.Build.0 = Debug|Any CPU
		{4012A8BF-1AE3-4515-83FE-200A5EAC2B02}.Debug|x64.ActiveCfg = Debug|Any CPU
		{4012A8BF-1AE3-4515-83FE-200A5EAC2B02}.Debug|x64.Build.0 = Debug|Any CPU
		{4012A8BF-1AE3-4515-83FE-200A5EAC2B02}.Release|ARM64.ActiveCfg = Release|Any CPU
		{4012A8BF-1AE3-4515-83FE-200A5EAC2B02}.Release|ARM64.Build.0 = Release|Any CPU
		{4012A8BF-1AE3-4515-83FE-200A5EAC2B02}.Release|x64.ActiveCfg = Release|Any CPU
		{4012A8BF-1AE3-4515-83FE-200A5EAC2B02}.Release|x64.Build.0 = Release|Any CPU
		{B770BB63-AF9F-4297-B46F-EF3220455B8C}.Debug|ARM64.ActiveCfg = Debug|Any CPU
		{B770BB63-AF9F-4297-B46F-EF3220455B8C}.Debug|ARM64.Build.0 = Debug|Any CPU
		{B770BB63-AF9F-4297-B46F-EF3220455B8C}.Debug|x64.ActiveCfg = Debug|Any CPU
		{B770BB63-AF9F-4297-B46F-EF3220455B8C}.Debug|x64.Build.0 = Debug|Any CPU
		{B770BB63-AF9F-4297-B46F-EF3220455B8C}.Release|ARM64.ActiveCfg = Release|Any CPU
		{B770BB63-AF9F-4297-B46F-EF3220455B8C}.Release|ARM64.Build.0 = Release|Any CPU
		{B770BB63-AF9F-4297-B46F-EF3220455B8C}.Release|x64.ActiveCfg = Release|Any CPU
		{B770BB63-AF9F-4297-B46F-EF3220455B8C}.Release|x64.Build.0 = Release|Any CPU
	EndGlobalSection
	GlobalSection(SolutionProperties) = preSolution
		HideSolutionNode = FALSE
	EndGlobalSection
	GlobalSection(NestedProjects) = preSolution
		{ADE9B676-5814-4631-8D77-C737038641A4} = {B704A269-F4AC-41FA-B335-721F7247518C}
		{765D2A49-E7F6-4E49-9FB6-A42599A8C8EC} = {5C3C6960-8F13-4B67-BE15-2A86EEDB67DE}
		{D71BF3D4-3BB1-427B-9D57-F777E6B8DF95} = {B704A269-F4AC-41FA-B335-721F7247518C}
		{EDA82388-4661-4E17-B693-7FD98FB76051} = {5C3C6960-8F13-4B67-BE15-2A86EEDB67DE}
		{9CE0E198-C1CF-4EB8-A23F-C85A6F4CEDD5} = {B704A269-F4AC-41FA-B335-721F7247518C}
		{7A026A0B-6507-4D7B-A6FE-08D8591C76BD} = {5C3C6960-8F13-4B67-BE15-2A86EEDB67DE}
		{4012A8BF-1AE3-4515-83FE-200A5EAC2B02} = {B704A269-F4AC-41FA-B335-721F7247518C}
		{B770BB63-AF9F-4297-B46F-EF3220455B8C} = {5C3C6960-8F13-4B67-BE15-2A86EEDB67DE}
	EndGlobalSection
EndGlobal
